
Microsoft Visual Studio Solution File, Format Version 12.00
# Visual Studio Version 17
VisualStudioVersion = 17.4.33205.214
MinimumVisualStudioVersion = 10.0.40219.1
Project("{FAE04EC0-301F-11D3-BF4B-00C04F79EFBC}") = "Optivem.Greeter.Monolith", "Optivem.Greeter.Monolith.csproj", "{F1DC39E7-C85A-45CE-865F-14001F9127D6}"
EndProject
Global
	GlobalSection(SolutionConfigurationPlatforms) = preSolution
		Debug|Any CPU = Debug|Any CPU
		Release|Any CPU = Release|Any CPU
	EndGlobalSection
	GlobalSection(ProjectConfigurationPlatforms) = postSolution
		{F1DC39E7-C85A-45CE-865F-14001F9127D6}.Debug|Any CPU.ActiveCfg = Debug|Any CPU
		{F1DC39E7-C85A-45CE-865F-14001F9127D6}.Debug|Any CPU.Build.0 = Debug|Any CPU
		{F1DC39E7-C85A-45CE-865F-14001F9127D6}.Release|Any CPU.ActiveCfg = Release|Any CPU
		{F1DC39E7-C85A-45CE-865F-14001F9127D6}.Release|Any CPU.Build.0 = Release|Any CPU
	EndGlobalSection
	GlobalSection(SolutionProperties) = preSolution
		HideSolutionNode = FALSE
	EndGlobalSection
	GlobalSection(ExtensibilityGlobals) = postSolution
		SolutionGuid = {59E4F5BC-8900-438F-960F-4FB115AF2018}
	EndGlobalSection
EndGlobal
